
Microsoft Visual Studio Solution File, Format Version 12.00
Project("{2150E333-8FDC-42A3-9474-1A3956D46DE8}") = "src", "src", "{E68D285B-6EE1-4628-A5BE-B19CAAF2C8BD}"
EndProject
Project("{2150E333-8FDC-42A3-9474-1A3956D46DE8}") = "tests", "tests", "{0027BF82-43FF-40BC-AE12-D140032E4D1C}"
EndProject
Project("{FAE04EC0-301F-11D3-BF4B-00C04F79EFBC}") = "Scheduler.Infrastructure", "src\Scheduler.Infrastructure\Scheduler.Infrastructure.csproj", "{7960A766-1CA0-4A53-AC4A-4BB9AA8F1BED}"
EndProject
Project("{FAE04EC0-301F-11D3-BF4B-00C04F79EFBC}") = "Scheduler.Domain", "src\Scheduler.Domain\Scheduler.Domain.csproj", "{776007A9-741E-4240-801D-338AC0C09639}"
EndProject
Project("{FAE04EC0-301F-11D3-BF4B-00C04F79EFBC}") = "Scheduler.Application", "src\Scheduler.Application\Scheduler.Application.csproj", "{550E7026-034A-4686-AEA4-4BD6EBB76C56}"
EndProject
Project("{FAE04EC0-301F-11D3-BF4B-00C04F79EFBC}") = "Scheduler.Api", "src\Scheduler.Api\Scheduler.Api.csproj", "{66865FF7-8DD0-46F5-8D31-19A0A2E061E8}"
EndProject
Project("{FAE04EC0-301F-11D3-BF4B-00C04F79EFBC}") = "Scheduler.UnitTests", "tests\Scheduler.UnitTests\Scheduler.UnitTests.csproj", "{9036CC98-E6A1-4772-93DB-9E66E2072C62}"
EndProject
Global
	GlobalSection(SolutionConfigurationPlatforms) = preSolution
		Debug|Any CPU = Debug|Any CPU
		Release|Any CPU = Release|Any CPU
	EndGlobalSection
	GlobalSection(NestedProjects) = preSolution
		{7960A766-1CA0-4A53-AC4A-4BB9AA8F1BED} = {E68D285B-6EE1-4628-A5BE-B19CAAF2C8BD}
		{776007A9-741E-4240-801D-338AC0C09639} = {E68D285B-6EE1-4628-A5BE-B19CAAF2C8BD}
		{550E7026-034A-4686-AEA4-4BD6EBB76C56} = {E68D285B-6EE1-4628-A5BE-B19CAAF2C8BD}
		{66865FF7-8DD0-46F5-8D31-19A0A2E061E8} = {E68D285B-6EE1-4628-A5BE-B19CAAF2C8BD}
		{9036CC98-E6A1-4772-93DB-9E66E2072C62} = {0027BF82-43FF-40BC-AE12-D140032E4D1C}
	EndGlobalSection
	GlobalSection(ProjectConfigurationPlatforms) = postSolution
		{7960A766-1CA0-4A53-AC4A-4BB9AA8F1BED}.Debug|Any CPU.ActiveCfg = Debug|Any CPU
		{7960A766-1CA0-4A53-AC4A-4BB9AA8F1BED}.Debug|Any CPU.Build.0 = Debug|Any CPU
		{7960A766-1CA0-4A53-AC4A-4BB9AA8F1BED}.Release|Any CPU.ActiveCfg = Release|Any CPU
		{7960A766-1CA0-4A53-AC4A-4BB9AA8F1BED}.Release|Any CPU.Build.0 = Release|Any CPU
		{776007A9-741E-4240-801D-338AC0C09639}.Debug|Any CPU.ActiveCfg = Debug|Any CPU
		{776007A9-741E-4240-801D-338AC0C09639}.Debug|Any CPU.Build.0 = Debug|Any CPU
		{776007A9-741E-4240-801D-338AC0C09639}.Release|Any CPU.ActiveCfg = Release|Any CPU
		{776007A9-741E-4240-801D-338AC0C09639}.Release|Any CPU.Build.0 = Release|Any CPU
		{550E7026-034A-4686-AEA4-4BD6EBB76C56}.Debug|Any CPU.ActiveCfg = Debug|Any CPU
		{550E7026-034A-4686-AEA4-4BD6EBB76C56}.Debug|Any CPU.Build.0 = Debug|Any CPU
		{550E7026-034A-4686-AEA4-4BD6EBB76C56}.Release|Any CPU.ActiveCfg = Release|Any CPU
		{550E7026-034A-4686-AEA4-4BD6EBB76C56}.Release|Any CPU.Build.0 = Release|Any CPU
		{66865FF7-8DD0-46F5-8D31-19A0A2E061E8}.Debug|Any CPU.ActiveCfg = Debug|Any CPU
		{66865FF7-8DD0-46F5-8D31-19A0A2E061E8}.Debug|Any CPU.Build.0 = Debug|Any CPU
		{66865FF7-8DD0-46F5-8D31-19A0A2E061E8}.Release|Any CPU.ActiveCfg = Release|Any CPU
		{66865FF7-8DD0-46F5-8D31-19A0A2E061E8}.Release|Any CPU.Build.0 = Release|Any CPU
		{9036CC98-E6A1-4772-93DB-9E66E2072C62}.Debug|Any CPU.ActiveCfg = Debug|Any CPU
		{9036CC98-E6A1-4772-93DB-9E66E2072C62}.Debug|Any CPU.Build.0 = Debug|Any CPU
		{9036CC98-E6A1-4772-93DB-9E66E2072C62}.Release|Any CPU.ActiveCfg = Release|Any CPU
		{9036CC98-E6A1-4772-93DB-9E66E2072C62}.Release|Any CPU.Build.0 = Release|Any CPU
	EndGlobalSection
EndGlobal
